
Microsoft Visual Studio Solution File, Format Version 12.00
# Visual Studio Version 17
VisualStudioVersion = 17.7.34202.233
MinimumVisualStudioVersion = 10.0.40219.1
Project("{FAE04EC0-301F-11D3-BF4B-00C04F79EFBC}") = "spatial-partitioning", "spatial-partitioning.csproj", "{EECA35E3-7D76-43A3-A8B6-17C0D5A16850}"
EndProject
Global
	GlobalSection(SolutionConfigurationPlatforms) = preSolution
		Debug|Any CPU = Debug|Any CPU
		Release|Any CPU = Release|Any CPU
	EndGlobalSection
	GlobalSection(ProjectConfigurationPlatforms) = postSolution
		{EECA35E3-7D76-43A3-A8B6-17C0D5A16850}.Debug|Any CPU.ActiveCfg = Debug|Any CPU
		{EECA35E3-7D76-43A3-A8B6-17C0D5A16850}.Debug|Any CPU.Build.0 = Debug|Any CPU
		{EECA35E3-7D76-43A3-A8B6-17C0D5A16850}.Release|Any CPU.ActiveCfg = Release|Any CPU
		{EECA35E3-7D76-43A3-A8B6-17C0D5A16850}.Release|Any CPU.Build.0 = Release|Any CPU
	EndGlobalSection
	GlobalSection(SolutionProperties) = preSolution
		HideSolutionNode = FALSE
	EndGlobalSection
	GlobalSection(ExtensibilityGlobals) = postSolution
		SolutionGuid = {67502CE7-AE75-4604-9C7E-23D58B225459}
	EndGlobalSection
EndGlobal
